// !$*UTF8*$!
{
	archiveVersion = 1;
	classes = {
	};
	objectVersion = 55;
	objects = {

/* Begin PBXBuildFile section */
		160AAEC42718B9FC00223AAD /* ViewModifiers.swift in Sources */ = {isa = PBXBuildFile; fileRef = 160AAEC32718B9FB00223AAD /* ViewModifiers.swift */; };
		160AAEC627193CFA00223AAD /* WordData.swift in Sources */ = {isa = PBXBuildFile; fileRef = 160AAEC527193CFA00223AAD /* WordData.swift */; };
		160AAEDA2719E7AC00223AAD /* Realm.xcframework in Frameworks */ = {isa = PBXBuildFile; fileRef = 160AAECC2719E54D00223AAD /* Realm.xcframework */; };
		160AAEDB2719E7AC00223AAD /* Realm.xcframework in Embed Frameworks */ = {isa = PBXBuildFile; fileRef = 160AAECC2719E54D00223AAD /* Realm.xcframework */; settings = {ATTRIBUTES = (CodeSignOnCopy, RemoveHeadersOnCopy, ); }; };
		160AAEDC2719E7AC00223AAD /* RealmSwift.xcframework in Frameworks */ = {isa = PBXBuildFile; fileRef = 160AAED02719E55000223AAD /* RealmSwift.xcframework */; };
		160AAEDD2719E7AC00223AAD /* RealmSwift.xcframework in Embed Frameworks */ = {isa = PBXBuildFile; fileRef = 160AAED02719E55000223AAD /* RealmSwift.xcframework */; settings = {ATTRIBUTES = (CodeSignOnCopy, RemoveHeadersOnCopy, ); }; };
		160AAEE02719F35E00223AAD /* AllWordsAndAddWordModel.swift in Sources */ = {isa = PBXBuildFile; fileRef = 160AAEDF2719F35E00223AAD /* AllWordsAndAddWordModel.swift */; };
		160AAF08271ABB5300223AAD /* UserInfo.swift in Sources */ = {isa = PBXBuildFile; fileRef = 160AAF07271ABB5300223AAD /* UserInfo.swift */; };
		160AAF0A271ABFB300223AAD /* DataBaseManager.swift in Sources */ = {isa = PBXBuildFile; fileRef = 160AAF09271ABFB300223AAD /* DataBaseManager.swift */; };
		160AAF0E271AF12500223AAD /* DiaryView.swift in Sources */ = {isa = PBXBuildFile; fileRef = 160AAF0D271AF12500223AAD /* DiaryView.swift */; };
		1659486B2721B7BE008CE732 /* ReviewWordsView.swift in Sources */ = {isa = PBXBuildFile; fileRef = 1659486A2721B7BE008CE732 /* ReviewWordsView.swift */; };
		1659486D2721B871008CE732 /* ReviewWordsModel.swift in Sources */ = {isa = PBXBuildFile; fileRef = 1659486C2721B871008CE732 /* ReviewWordsModel.swift */; };
		167C77082718A43600DC6923 /* ETKitApp.swift in Sources */ = {isa = PBXBuildFile; fileRef = 167C77072718A43600DC6923 /* ETKitApp.swift */; };
		167C770A2718A43600DC6923 /* MainView.swift in Sources */ = {isa = PBXBuildFile; fileRef = 167C77092718A43600DC6923 /* MainView.swift */; };
		167C770C2718A43D00DC6923 /* Assets.xcassets in Resources */ = {isa = PBXBuildFile; fileRef = 167C770B2718A43D00DC6923 /* Assets.xcassets */; };
		167C770F2718A43D00DC6923 /* Preview Assets.xcassets in Resources */ = {isa = PBXBuildFile; fileRef = 167C770E2718A43D00DC6923 /* Preview Assets.xcassets */; };
		167C77132718A43D00DC6923 /* ETKit WatchKit App.app in Embed Watch Content */ = {isa = PBXBuildFile; fileRef = 167C77122718A43D00DC6923 /* ETKit WatchKit App.app */; settings = {ATTRIBUTES = (RemoveHeadersOnCopy, ); }; };
		167C77182718A44100DC6923 /* Assets.xcassets in Resources */ = {isa = PBXBuildFile; fileRef = 167C77172718A44100DC6923 /* Assets.xcassets */; };
		167C771E2718A44100DC6923 /* ETKit WatchKit Extension.appex in Embed App Extensions */ = {isa = PBXBuildFile; fileRef = 167C771D2718A44100DC6923 /* ETKit WatchKit Extension.appex */; settings = {ATTRIBUTES = (RemoveHeadersOnCopy, ); }; };
		167C77252718A44100DC6923 /* MainView.swift in Sources */ = {isa = PBXBuildFile; fileRef = 167C77242718A44100DC6923 /* MainView.swift */; };
		167C77272718A44100DC6923 /* NotificationController.swift in Sources */ = {isa = PBXBuildFile; fileRef = 167C77262718A44100DC6923 /* NotificationController.swift */; };
		167C77292718A44100DC6923 /* NotificationView.swift in Sources */ = {isa = PBXBuildFile; fileRef = 167C77282718A44100DC6923 /* NotificationView.swift */; };
		167C772B2718A44100DC6923 /* ComplicationController.swift in Sources */ = {isa = PBXBuildFile; fileRef = 167C772A2718A44100DC6923 /* ComplicationController.swift */; };
		167C772D2718A44500DC6923 /* Assets.xcassets in Resources */ = {isa = PBXBuildFile; fileRef = 167C772C2718A44500DC6923 /* Assets.xcassets */; };
		167C77302718A44500DC6923 /* Preview Assets.xcassets in Resources */ = {isa = PBXBuildFile; fileRef = 167C772F2718A44500DC6923 /* Preview Assets.xcassets */; };
		167C77412718ACF100DC6923 /* ViewNavigationData.swift in Sources */ = {isa = PBXBuildFile; fileRef = 167C77402718ACF000DC6923 /* ViewNavigationData.swift */; };
		167C77432718B0F500DC6923 /* MainViewNavigationModel.swift in Sources */ = {isa = PBXBuildFile; fileRef = 167C77422718B0F500DC6923 /* MainViewNavigationModel.swift */; };
		167C77452718B3D100DC6923 /* AddWordView.swift in Sources */ = {isa = PBXBuildFile; fileRef = 167C77442718B3D100DC6923 /* AddWordView.swift */; };
		16BEFA34271C310800FAD0F5 /* AllWordsView.swift in Sources */ = {isa = PBXBuildFile; fileRef = 16BEFA33271C310800FAD0F5 /* AllWordsView.swift */; };
		1F7C876C272C4CD7003D88B8 /* EveryDayRefresh.swift in Sources */ = {isa = PBXBuildFile; fileRef = 1F7C876B272C4CD7003D88B8 /* EveryDayRefresh.swift */; };
		1FABEE10272C62BC00DAB8E3 /* RealmSwift.xcframework in Frameworks */ = {isa = PBXBuildFile; fileRef = 160AAED02719E55000223AAD /* RealmSwift.xcframework */; };
		1FABEE11272C62BC00DAB8E3 /* RealmSwift.xcframework in Embed Frameworks */ = {isa = PBXBuildFile; fileRef = 160AAED02719E55000223AAD /* RealmSwift.xcframework */; settings = {ATTRIBUTES = (CodeSignOnCopy, RemoveHeadersOnCopy, ); }; };
		1FABEE13272C62C400DAB8E3 /* RealmSwift.xcframework in Frameworks */ = {isa = PBXBuildFile; fileRef = 160AAED02719E55000223AAD /* RealmSwift.xcframework */; };
		1FABEE14272C62C900DAB8E3 /* Realm.xcframework in Frameworks */ = {isa = PBXBuildFile; fileRef = 160AAECC2719E54D00223AAD /* Realm.xcframework */; };
		1FABEE15272C62C900DAB8E3 /* Realm.xcframework in Embed Frameworks */ = {isa = PBXBuildFile; fileRef = 160AAECC2719E54D00223AAD /* Realm.xcframework */; settings = {ATTRIBUTES = (CodeSignOnCopy, RemoveHeadersOnCopy, ); }; };
/* End PBXBuildFile section */

/* Begin PBXContainerItemProxy section */
		167C77142718A43D00DC6923 /* PBXContainerItemProxy */ = {
			isa = PBXContainerItemProxy;
			containerPortal = 167C76FC2718A43500DC6923 /* Project object */;
			proxyType = 1;
			remoteGlobalIDString = 167C77112718A43D00DC6923;
			remoteInfo = "ETKit WatchKit App";
		};
		167C771F2718A44100DC6923 /* PBXContainerItemProxy */ = {
			isa = PBXContainerItemProxy;
			containerPortal = 167C76FC2718A43500DC6923 /* Project object */;
			proxyType = 1;
			remoteGlobalIDString = 167C771C2718A44100DC6923;
			remoteInfo = "ETKit WatchKit Extension";
		};
/* End PBXContainerItemProxy section */

/* Begin PBXCopyFilesBuildPhase section */
		160AAEDE2719E7AC00223AAD /* Embed Frameworks */ = {
			isa = PBXCopyFilesBuildPhase;
			buildActionMask = 2147483647;
			dstPath = "";
			dstSubfolderSpec = 10;
			files = (
				160AAEDB2719E7AC00223AAD /* Realm.xcframework in Embed Frameworks */,
				160AAEDD2719E7AC00223AAD /* RealmSwift.xcframework in Embed Frameworks */,
			);
			name = "Embed Frameworks";
			runOnlyForDeploymentPostprocessing = 0;
		};
		167C77382718A44600DC6923 /* Embed App Extensions */ = {
			isa = PBXCopyFilesBuildPhase;
			buildActionMask = 2147483647;
			dstPath = "";
			dstSubfolderSpec = 13;
			files = (
				167C771E2718A44100DC6923 /* ETKit WatchKit Extension.appex in Embed App Extensions */,
			);
			name = "Embed App Extensions";
			runOnlyForDeploymentPostprocessing = 0;
		};
		167C773C2718A44600DC6923 /* Embed Watch Content */ = {
			isa = PBXCopyFilesBuildPhase;
			buildActionMask = 2147483647;
			dstPath = "$(CONTENTS_FOLDER_PATH)/Watch";
			dstSubfolderSpec = 16;
			files = (
				167C77132718A43D00DC6923 /* ETKit WatchKit App.app in Embed Watch Content */,
			);
			name = "Embed Watch Content";
			runOnlyForDeploymentPostprocessing = 0;
		};
		1FABEE12272C62BC00DAB8E3 /* Embed Frameworks */ = {
			isa = PBXCopyFilesBuildPhase;
			buildActionMask = 2147483647;
			dstPath = "";
			dstSubfolderSpec = 10;
			files = (
				1FABEE11272C62BC00DAB8E3 /* RealmSwift.xcframework in Embed Frameworks */,
				1FABEE15272C62C900DAB8E3 /* Realm.xcframework in Embed Frameworks */,
			);
			name = "Embed Frameworks";
			runOnlyForDeploymentPostprocessing = 0;
		};
/* End PBXCopyFilesBuildPhase section */

/* Begin PBXFileReference section */
		160AAEC32718B9FB00223AAD /* ViewModifiers.swift */ = {isa = PBXFileReference; lastKnownFileType = sourcecode.swift; path = ViewModifiers.swift; sourceTree = "<group>"; };
		160AAEC527193CFA00223AAD /* WordData.swift */ = {isa = PBXFileReference; lastKnownFileType = sourcecode.swift; path = WordData.swift; sourceTree = "<group>"; };
		160AAECC2719E54D00223AAD /* Realm.xcframework */ = {isa = PBXFileReference; lastKnownFileType = wrapper.xcframework; name = Realm.xcframework; path = "../../../Downloads/realm-swift-10.17.0/13.0/Realm.xcframework"; sourceTree = "<group>"; };
		160AAED02719E55000223AAD /* RealmSwift.xcframework */ = {isa = PBXFileReference; lastKnownFileType = wrapper.xcframework; name = RealmSwift.xcframework; path = "../../../Downloads/realm-swift-10.17.0/13.0/RealmSwift.xcframework"; sourceTree = "<group>"; };
		160AAED32719E72600223AAD /* Realm.framework */ = {isa = PBXFileReference; lastKnownFileType = wrapper.framework; name = Realm.framework; path = "../../../Downloads/realm-swift-10.17.0/12.2/Realm.xcframework/ios-arm64_armv7/Realm.framework"; sourceTree = "<group>"; };
		160AAED72719E72F00223AAD /* RealmSwift.framework */ = {isa = PBXFileReference; lastKnownFileType = wrapper.framework; name = RealmSwift.framework; path = "../../../Downloads/realm-swift-10.17.0/12.2/RealmSwift.xcframework/ios-arm64_armv7/RealmSwift.framework"; sourceTree = "<group>"; };
		160AAEDF2719F35E00223AAD /* AllWordsAndAddWordModel.swift */ = {isa = PBXFileReference; lastKnownFileType = sourcecode.swift; path = AllWordsAndAddWordModel.swift; sourceTree = "<group>"; };
		160AAF07271ABB5300223AAD /* UserInfo.swift */ = {isa = PBXFileReference; lastKnownFileType = sourcecode.swift; path = UserInfo.swift; sourceTree = "<group>"; };
		160AAF09271ABFB300223AAD /* DataBaseManager.swift */ = {isa = PBXFileReference; lastKnownFileType = sourcecode.swift; path = DataBaseManager.swift; sourceTree = "<group>"; };
		160AAF0D271AF12500223AAD /* DiaryView.swift */ = {isa = PBXFileReference; lastKnownFileType = sourcecode.swift; path = DiaryView.swift; sourceTree = "<group>"; };
		1659486A2721B7BE008CE732 /* ReviewWordsView.swift */ = {isa = PBXFileReference; lastKnownFileType = sourcecode.swift; path = ReviewWordsView.swift; sourceTree = "<group>"; };
		1659486C2721B871008CE732 /* ReviewWordsModel.swift */ = {isa = PBXFileReference; lastKnownFileType = sourcecode.swift; path = ReviewWordsModel.swift; sourceTree = "<group>"; };
		167C77042718A43600DC6923 /* ETKit.app */ = {isa = PBXFileReference; explicitFileType = wrapper.application; includeInIndex = 0; path = ETKit.app; sourceTree = BUILT_PRODUCTS_DIR; };
		167C77072718A43600DC6923 /* ETKitApp.swift */ = {isa = PBXFileReference; lastKnownFileType = sourcecode.swift; path = ETKitApp.swift; sourceTree = "<group>"; };
		167C77092718A43600DC6923 /* MainView.swift */ = {isa = PBXFileReference; lastKnownFileType = sourcecode.swift; path = MainView.swift; sourceTree = "<group>"; };
		167C770B2718A43D00DC6923 /* Assets.xcassets */ = {isa = PBXFileReference; lastKnownFileType = folder.assetcatalog; path = Assets.xcassets; sourceTree = "<group>"; };
		167C770E2718A43D00DC6923 /* Preview Assets.xcassets */ = {isa = PBXFileReference; lastKnownFileType = folder.assetcatalog; path = "Preview Assets.xcassets"; sourceTree = "<group>"; };
		167C77122718A43D00DC6923 /* ETKit WatchKit App.app */ = {isa = PBXFileReference; explicitFileType = wrapper.application; includeInIndex = 0; path = "ETKit WatchKit App.app"; sourceTree = BUILT_PRODUCTS_DIR; };
		167C77172718A44100DC6923 /* Assets.xcassets */ = {isa = PBXFileReference; lastKnownFileType = folder.assetcatalog; path = Assets.xcassets; sourceTree = "<group>"; };
		167C771D2718A44100DC6923 /* ETKit WatchKit Extension.appex */ = {isa = PBXFileReference; explicitFileType = "wrapper.app-extension"; includeInIndex = 0; path = "ETKit WatchKit Extension.appex"; sourceTree = BUILT_PRODUCTS_DIR; };
		167C77242718A44100DC6923 /* MainView.swift */ = {isa = PBXFileReference; lastKnownFileType = sourcecode.swift; path = MainView.swift; sourceTree = "<group>"; };
		167C77262718A44100DC6923 /* NotificationController.swift */ = {isa = PBXFileReference; lastKnownFileType = sourcecode.swift; path = NotificationController.swift; sourceTree = "<group>"; };
		167C77282718A44100DC6923 /* NotificationView.swift */ = {isa = PBXFileReference; lastKnownFileType = sourcecode.swift; path = NotificationView.swift; sourceTree = "<group>"; };
		167C772A2718A44100DC6923 /* ComplicationController.swift */ = {isa = PBXFileReference; lastKnownFileType = sourcecode.swift; path = ComplicationController.swift; sourceTree = "<group>"; };
		167C772C2718A44500DC6923 /* Assets.xcassets */ = {isa = PBXFileReference; lastKnownFileType = folder.assetcatalog; path = Assets.xcassets; sourceTree = "<group>"; };
		167C772F2718A44500DC6923 /* Preview Assets.xcassets */ = {isa = PBXFileReference; lastKnownFileType = folder.assetcatalog; path = "Preview Assets.xcassets"; sourceTree = "<group>"; };
		167C77312718A44500DC6923 /* Info.plist */ = {isa = PBXFileReference; lastKnownFileType = text.plist.xml; path = Info.plist; sourceTree = "<group>"; };
		167C77322718A44500DC6923 /* PushNotificationPayload.apns */ = {isa = PBXFileReference; lastKnownFileType = text; path = PushNotificationPayload.apns; sourceTree = "<group>"; };
		167C77402718ACF000DC6923 /* ViewNavigationData.swift */ = {isa = PBXFileReference; lastKnownFileType = sourcecode.swift; path = ViewNavigationData.swift; sourceTree = "<group>"; };
		167C77422718B0F500DC6923 /* MainViewNavigationModel.swift */ = {isa = PBXFileReference; lastKnownFileType = sourcecode.swift; path = MainViewNavigationModel.swift; sourceTree = "<group>"; };
		167C77442718B3D100DC6923 /* AddWordView.swift */ = {isa = PBXFileReference; lastKnownFileType = sourcecode.swift; path = AddWordView.swift; sourceTree = "<group>"; };
		16BEFA33271C310800FAD0F5 /* AllWordsView.swift */ = {isa = PBXFileReference; lastKnownFileType = sourcecode.swift; path = AllWordsView.swift; sourceTree = "<group>"; };
		1F7C876B272C4CD7003D88B8 /* EveryDayRefresh.swift */ = {isa = PBXFileReference; lastKnownFileType = sourcecode.swift; path = EveryDayRefresh.swift; sourceTree = "<group>"; };
/* End PBXFileReference section */

/* Begin PBXFrameworksBuildPhase section */
		167C77012718A43600DC6923 /* Frameworks */ = {
			isa = PBXFrameworksBuildPhase;
			buildActionMask = 2147483647;
			files = (
				160AAEDA2719E7AC00223AAD /* Realm.xcframework in Frameworks */,
				160AAEDC2719E7AC00223AAD /* RealmSwift.xcframework in Frameworks */,
			);
			runOnlyForDeploymentPostprocessing = 0;
		};
		167C771A2718A44100DC6923 /* Frameworks */ = {
			isa = PBXFrameworksBuildPhase;
			buildActionMask = 2147483647;
			files = (
				1FABEE10272C62BC00DAB8E3 /* RealmSwift.xcframework in Frameworks */,
				1FABEE13272C62C400DAB8E3 /* RealmSwift.xcframework in Frameworks */,
				1FABEE14272C62C900DAB8E3 /* Realm.xcframework in Frameworks */,
			);
			runOnlyForDeploymentPostprocessing = 0;
		};
/* End PBXFrameworksBuildPhase section */

/* Begin PBXGroup section */
		160AAECB2719E54D00223AAD /* Frameworks */ = {
			isa = PBXGroup;
			children = (
				160AAED72719E72F00223AAD /* RealmSwift.framework */,
				160AAED32719E72600223AAD /* Realm.framework */,
				160AAED02719E55000223AAD /* RealmSwift.xcframework */,
				160AAECC2719E54D00223AAD /* Realm.xcframework */,
			);
			name = Frameworks;
			sourceTree = "<group>";
		};
		160AAF05271A139200223AAD /* Extentions */ = {
			isa = PBXGroup;
			children = (
				160AAEC32718B9FB00223AAD /* ViewModifiers.swift */,
			);
			name = Extentions;
			sourceTree = "<group>";
		};
		160AAF06271ABABE00223AAD /* LearningWord */ = {
			isa = PBXGroup;
			children = (
				160AAEC527193CFA00223AAD /* WordData.swift */,
				167C77442718B3D100DC6923 /* AddWordView.swift */,
				160AAEDF2719F35E00223AAD /* AllWordsAndAddWordModel.swift */,
				16BEFA33271C310800FAD0F5 /* AllWordsView.swift */,
				1659486A2721B7BE008CE732 /* ReviewWordsView.swift */,
				1659486C2721B871008CE732 /* ReviewWordsModel.swift */,
				1F7C876B272C4CD7003D88B8 /* EveryDayRefresh.swift */,
			);
			name = LearningWord;
			sourceTree = "<group>";
		};
		167C76FB2718A43500DC6923 = {
			isa = PBXGroup;
			children = (
				167C77062718A43600DC6923 /* ETKit */,
				167C77162718A43D00DC6923 /* ETKit WatchKit App */,
				167C77212718A44100DC6923 /* ETKit WatchKit Extension */,
				167C77052718A43600DC6923 /* Products */,
				160AAECB2719E54D00223AAD /* Frameworks */,
			);
			sourceTree = "<group>";
		};
		167C77052718A43600DC6923 /* Products */ = {
			isa = PBXGroup;
			children = (
				167C77042718A43600DC6923 /* ETKit.app */,
				167C77122718A43D00DC6923 /* ETKit WatchKit App.app */,
				167C771D2718A44100DC6923 /* ETKit WatchKit Extension.appex */,
			);
			name = Products;
			sourceTree = "<group>";
		};
		167C77062718A43600DC6923 /* ETKit */ = {
			isa = PBXGroup;
			children = (
				160AAF09271ABFB300223AAD /* DataBaseManager.swift */,
				160AAF07271ABB5300223AAD /* UserInfo.swift */,
				160AAF0D271AF12500223AAD /* DiaryView.swift */,
				160AAF06271ABABE00223AAD /* LearningWord */,
				160AAF05271A139200223AAD /* Extentions */,
				167C77072718A43600DC6923 /* ETKitApp.swift */,
				167C77092718A43600DC6923 /* MainView.swift */,
				167C77402718ACF000DC6923 /* ViewNavigationData.swift */,
				167C77422718B0F500DC6923 /* MainViewNavigationModel.swift */,
				167C770B2718A43D00DC6923 /* Assets.xcassets */,
				167C770D2718A43D00DC6923 /* Preview Content */,
			);
			path = ETKit;
			sourceTree = "<group>";
		};
		167C770D2718A43D00DC6923 /* Preview Content */ = {
			isa = PBXGroup;
			children = (
				167C770E2718A43D00DC6923 /* Preview Assets.xcassets */,
			);
			path = "Preview Content";
			sourceTree = "<group>";
		};
		167C77162718A43D00DC6923 /* ETKit WatchKit App */ = {
			isa = PBXGroup;
			children = (
				167C77172718A44100DC6923 /* Assets.xcassets */,
			);
			path = "ETKit WatchKit App";
			sourceTree = "<group>";
		};
		167C77212718A44100DC6923 /* ETKit WatchKit Extension */ = {
			isa = PBXGroup;
			children = (
				167C77242718A44100DC6923 /* MainView.swift */,
				167C77262718A44100DC6923 /* NotificationController.swift */,
				167C77282718A44100DC6923 /* NotificationView.swift */,
				167C772A2718A44100DC6923 /* ComplicationController.swift */,
				167C772C2718A44500DC6923 /* Assets.xcassets */,
				167C77312718A44500DC6923 /* Info.plist */,
				167C77322718A44500DC6923 /* PushNotificationPayload.apns */,
				167C772E2718A44500DC6923 /* Preview Content */,
			);
			path = "ETKit WatchKit Extension";
			sourceTree = "<group>";
		};
		167C772E2718A44500DC6923 /* Preview Content */ = {
			isa = PBXGroup;
			children = (
				167C772F2718A44500DC6923 /* Preview Assets.xcassets */,
			);
			path = "Preview Content";
			sourceTree = "<group>";
		};
/* End PBXGroup section */

/* Begin PBXNativeTarget section */
		167C77032718A43600DC6923 /* ETKit */ = {
			isa = PBXNativeTarget;
			buildConfigurationList = 167C773D2718A44600DC6923 /* Build configuration list for PBXNativeTarget "ETKit" */;
			buildPhases = (
				167C77002718A43600DC6923 /* Sources */,
				167C77012718A43600DC6923 /* Frameworks */,
				167C77022718A43600DC6923 /* Resources */,
				167C773C2718A44600DC6923 /* Embed Watch Content */,
				160AAEDE2719E7AC00223AAD /* Embed Frameworks */,
			);
			buildRules = (
			);
			dependencies = (
				167C77152718A43D00DC6923 /* PBXTargetDependency */,
			);
			name = ETKit;
			productName = ETKit;
			productReference = 167C77042718A43600DC6923 /* ETKit.app */;
			productType = "com.apple.product-type.application";
		};
		167C77112718A43D00DC6923 /* ETKit WatchKit App */ = {
			isa = PBXNativeTarget;
			buildConfigurationList = 167C77392718A44600DC6923 /* Build configuration list for PBXNativeTarget "ETKit WatchKit App" */;
			buildPhases = (
				167C77102718A43D00DC6923 /* Resources */,
				167C77382718A44600DC6923 /* Embed App Extensions */,
			);
			buildRules = (
			);
			dependencies = (
				167C77202718A44100DC6923 /* PBXTargetDependency */,
			);
			name = "ETKit WatchKit App";
			productName = "ETKit WatchKit App";
			productReference = 167C77122718A43D00DC6923 /* ETKit WatchKit App.app */;
			productType = "com.apple.product-type.application.watchapp2";
		};
		167C771C2718A44100DC6923 /* ETKit WatchKit Extension */ = {
			isa = PBXNativeTarget;
			buildConfigurationList = 167C77352718A44600DC6923 /* Build configuration list for PBXNativeTarget "ETKit WatchKit Extension" */;
			buildPhases = (
				167C77192718A44100DC6923 /* Sources */,
				167C771A2718A44100DC6923 /* Frameworks */,
				167C771B2718A44100DC6923 /* Resources */,
				1FABEE12272C62BC00DAB8E3 /* Embed Frameworks */,
			);
			buildRules = (
			);
			dependencies = (
			);
			name = "ETKit WatchKit Extension";
			productName = "ETKit WatchKit Extension";
			productReference = 167C771D2718A44100DC6923 /* ETKit WatchKit Extension.appex */;
			productType = "com.apple.product-type.watchkit2-extension";
		};
/* End PBXNativeTarget section */

/* Begin PBXProject section */
		167C76FC2718A43500DC6923 /* Project object */ = {
			isa = PBXProject;
			attributes = {
				BuildIndependentTargetsInParallel = 1;
				LastSwiftUpdateCheck = 1300;
				LastUpgradeCheck = 1300;
				TargetAttributes = {
					167C77032718A43600DC6923 = {
						CreatedOnToolsVersion = 13.0;
					};
					167C77112718A43D00DC6923 = {
						CreatedOnToolsVersion = 13.0;
					};
					167C771C2718A44100DC6923 = {
						CreatedOnToolsVersion = 13.0;
					};
				};
			};
			buildConfigurationList = 167C76FF2718A43500DC6923 /* Build configuration list for PBXProject "ETKit" */;
			compatibilityVersion = "Xcode 13.0";
			developmentRegion = en;
			hasScannedForEncodings = 0;
			knownRegions = (
				en,
				Base,
			);
			mainGroup = 167C76FB2718A43500DC6923;
			productRefGroup = 167C77052718A43600DC6923 /* Products */;
			projectDirPath = "";
			projectRoot = "";
			targets = (
				167C77032718A43600DC6923 /* ETKit */,
				167C77112718A43D00DC6923 /* ETKit WatchKit App */,
				167C771C2718A44100DC6923 /* ETKit WatchKit Extension */,
			);
		};
/* End PBXProject section */

/* Begin PBXResourcesBuildPhase section */
		167C77022718A43600DC6923 /* Resources */ = {
			isa = PBXResourcesBuildPhase;
			buildActionMask = 2147483647;
			files = (
				167C770F2718A43D00DC6923 /* Preview Assets.xcassets in Resources */,
				167C770C2718A43D00DC6923 /* Assets.xcassets in Resources */,
			);
			runOnlyForDeploymentPostprocessing = 0;
		};
		167C77102718A43D00DC6923 /* Resources */ = {
			isa = PBXResourcesBuildPhase;
			buildActionMask = 2147483647;
			files = (
				167C77182718A44100DC6923 /* Assets.xcassets in Resources */,
			);
			runOnlyForDeploymentPostprocessing = 0;
		};
		167C771B2718A44100DC6923 /* Resources */ = {
			isa = PBXResourcesBuildPhase;
			buildActionMask = 2147483647;
			files = (
				167C77302718A44500DC6923 /* Preview Assets.xcassets in Resources */,
				167C772D2718A44500DC6923 /* Assets.xcassets in Resources */,
			);
			runOnlyForDeploymentPostprocessing = 0;
		};
/* End PBXResourcesBuildPhase section */

/* Begin PBXSourcesBuildPhase section */
		167C77002718A43600DC6923 /* Sources */ = {
			isa = PBXSourcesBuildPhase;
			buildActionMask = 2147483647;
			files = (
				1659486B2721B7BE008CE732 /* ReviewWordsView.swift in Sources */,
				160AAEC627193CFA00223AAD /* WordData.swift in Sources */,
				167C770A2718A43600DC6923 /* MainView.swift in Sources */,
				167C77432718B0F500DC6923 /* MainViewNavigationModel.swift in Sources */,
				160AAEE02719F35E00223AAD /* AllWordsAndAddWordModel.swift in Sources */,
				16BEFA34271C310800FAD0F5 /* AllWordsView.swift in Sources */,
				167C77082718A43600DC6923 /* ETKitApp.swift in Sources */,
				1659486D2721B871008CE732 /* ReviewWordsModel.swift in Sources */,
				160AAF0E271AF12500223AAD /* DiaryView.swift in Sources */,
				160AAEC42718B9FC00223AAD /* ViewModifiers.swift in Sources */,
				1F7C876C272C4CD7003D88B8 /* EveryDayRefresh.swift in Sources */,
				167C77452718B3D100DC6923 /* AddWordView.swift in Sources */,
				160AAF0A271ABFB300223AAD /* DataBaseManager.swift in Sources */,
				160AAF08271ABB5300223AAD /* UserInfo.swift in Sources */,
				167C77412718ACF100DC6923 /* ViewNavigationData.swift in Sources */,
			);
			runOnlyForDeploymentPostprocessing = 0;
		};
		167C77192718A44100DC6923 /* Sources */ = {
			isa = PBXSourcesBuildPhase;
			buildActionMask = 2147483647;
			files = (
				167C77272718A44100DC6923 /* NotificationController.swift in Sources */,
				167C77252718A44100DC6923 /* MainView.swift in Sources */,
				167C772B2718A44100DC6923 /* ComplicationController.swift in Sources */,
				167C77292718A44100DC6923 /* NotificationView.swift in Sources */,
			);
			runOnlyForDeploymentPostprocessing = 0;
		};
/* End PBXSourcesBuildPhase section */

/* Begin PBXTargetDependency section */
		167C77152718A43D00DC6923 /* PBXTargetDependency */ = {
			isa = PBXTargetDependency;
			target = 167C77112718A43D00DC6923 /* ETKit WatchKit App */;
			targetProxy = 167C77142718A43D00DC6923 /* PBXContainerItemProxy */;
		};
		167C77202718A44100DC6923 /* PBXTargetDependency */ = {
			isa = PBXTargetDependency;
			target = 167C771C2718A44100DC6923 /* ETKit WatchKit Extension */;
			targetProxy = 167C771F2718A44100DC6923 /* PBXContainerItemProxy */;
		};
/* End PBXTargetDependency section */

/* Begin XCBuildConfiguration section */
		167C77332718A44500DC6923 /* Debug */ = {
			isa = XCBuildConfiguration;
			buildSettings = {
				ALWAYS_SEARCH_USER_PATHS = NO;
				CLANG_ANALYZER_NONNULL = YES;
				CLANG_ANALYZER_NUMBER_OBJECT_CONVERSION = YES_AGGRESSIVE;
				CLANG_CXX_LANGUAGE_STANDARD = "gnu++17";
				CLANG_CXX_LIBRARY = "libc++";
				CLANG_ENABLE_MODULES = YES;
				CLANG_ENABLE_OBJC_ARC = YES;
				CLANG_ENABLE_OBJC_WEAK = YES;
				CLANG_WARN_BLOCK_CAPTURE_AUTORELEASING = YES;
				CLANG_WARN_BOOL_CONVERSION = YES;
				CLANG_WARN_COMMA = YES;
				CLANG_WARN_CONSTANT_CONVERSION = YES;
				CLANG_WARN_DEPRECATED_OBJC_IMPLEMENTATIONS = YES;
				CLANG_WARN_DIRECT_OBJC_ISA_USAGE = YES_ERROR;
				CLANG_WARN_DOCUMENTATION_COMMENTS = YES;
				CLANG_WARN_EMPTY_BODY = YES;
				CLANG_WARN_ENUM_CONVERSION = YES;
				CLANG_WARN_INFINITE_RECURSION = YES;
				CLANG_WARN_INT_CONVERSION = YES;
				CLANG_WARN_NON_LITERAL_NULL_CONVERSION = YES;
				CLANG_WARN_OBJC_IMPLICIT_RETAIN_SELF = YES;
				CLANG_WARN_OBJC_LITERAL_CONVERSION = YES;
				CLANG_WARN_OBJC_ROOT_CLASS = YES_ERROR;
				CLANG_WARN_QUOTED_INCLUDE_IN_FRAMEWORK_HEADER = YES;
				CLANG_WARN_RANGE_LOOP_ANALYSIS = YES;
				CLANG_WARN_STRICT_PROTOTYPES = YES;
				CLANG_WARN_SUSPICIOUS_MOVE = YES;
				CLANG_WARN_UNGUARDED_AVAILABILITY = YES_AGGRESSIVE;
				CLANG_WARN_UNREACHABLE_CODE = YES;
				CLANG_WARN__DUPLICATE_METHOD_MATCH = YES;
				COPY_PHASE_STRIP = NO;
				DEBUG_INFORMATION_FORMAT = dwarf;
				ENABLE_STRICT_OBJC_MSGSEND = YES;
				ENABLE_TESTABILITY = YES;
				GCC_C_LANGUAGE_STANDARD = gnu11;
				GCC_DYNAMIC_NO_PIC = NO;
				GCC_NO_COMMON_BLOCKS = YES;
				GCC_OPTIMIZATION_LEVEL = 0;
				GCC_PREPROCESSOR_DEFINITIONS = (
					"DEBUG=1",
					"$(inherited)",
				);
				GCC_WARN_64_TO_32_BIT_CONVERSION = YES;
				GCC_WARN_ABOUT_RETURN_TYPE = YES_ERROR;
				GCC_WARN_UNDECLARED_SELECTOR = YES;
				GCC_WARN_UNINITIALIZED_AUTOS = YES_AGGRESSIVE;
				GCC_WARN_UNUSED_FUNCTION = YES;
				GCC_WARN_UNUSED_VARIABLE = YES;
				MTL_ENABLE_DEBUG_INFO = INCLUDE_SOURCE;
				MTL_FAST_MATH = YES;
				ONLY_ACTIVE_ARCH = YES;
				SWIFT_ACTIVE_COMPILATION_CONDITIONS = DEBUG;
				SWIFT_OPTIMIZATION_LEVEL = "-Onone";
			};
			name = Debug;
		};
		167C77342718A44500DC6923 /* Release */ = {
			isa = XCBuildConfiguration;
			buildSettings = {
				ALWAYS_SEARCH_USER_PATHS = NO;
				CLANG_ANALYZER_NONNULL = YES;
				CLANG_ANALYZER_NUMBER_OBJECT_CONVERSION = YES_AGGRESSIVE;
				CLANG_CXX_LANGUAGE_STANDARD = "gnu++17";
				CLANG_CXX_LIBRARY = "libc++";
				CLANG_ENABLE_MODULES = YES;
				CLANG_ENABLE_OBJC_ARC = YES;
				CLANG_ENABLE_OBJC_WEAK = YES;
				CLANG_WARN_BLOCK_CAPTURE_AUTORELEASING = YES;
				CLANG_WARN_BOOL_CONVERSION = YES;
				CLANG_WARN_COMMA = YES;
				CLANG_WARN_CONSTANT_CONVERSION = YES;
				CLANG_WARN_DEPRECATED_OBJC_IMPLEMENTATIONS = YES;
				CLANG_WARN_DIRECT_OBJC_ISA_USAGE = YES_ERROR;
				CLANG_WARN_DOCUMENTATION_COMMENTS = YES;
				CLANG_WARN_EMPTY_BODY = YES;
				CLANG_WARN_ENUM_CONVERSION = YES;
				CLANG_WARN_INFINITE_RECURSION = YES;
				CLANG_WARN_INT_CONVERSION = YES;
				CLANG_WARN_NON_LITERAL_NULL_CONVERSION = YES;
				CLANG_WARN_OBJC_IMPLICIT_RETAIN_SELF = YES;
				CLANG_WARN_OBJC_LITERAL_CONVERSION = YES;
				CLANG_WARN_OBJC_ROOT_CLASS = YES_ERROR;
				CLANG_WARN_QUOTED_INCLUDE_IN_FRAMEWORK_HEADER = YES;
				CLANG_WARN_RANGE_LOOP_ANALYSIS = YES;
				CLANG_WARN_STRICT_PROTOTYPES = YES;
				CLANG_WARN_SUSPICIOUS_MOVE = YES;
				CLANG_WARN_UNGUARDED_AVAILABILITY = YES_AGGRESSIVE;
				CLANG_WARN_UNREACHABLE_CODE = YES;
				CLANG_WARN__DUPLICATE_METHOD_MATCH = YES;
				COPY_PHASE_STRIP = NO;
				DEBUG_INFORMATION_FORMAT = "dwarf-with-dsym";
				ENABLE_NS_ASSERTIONS = NO;
				ENABLE_STRICT_OBJC_MSGSEND = YES;
				GCC_C_LANGUAGE_STANDARD = gnu11;
				GCC_NO_COMMON_BLOCKS = YES;
				GCC_WARN_64_TO_32_BIT_CONVERSION = YES;
				GCC_WARN_ABOUT_RETURN_TYPE = YES_ERROR;
				GCC_WARN_UNDECLARED_SELECTOR = YES;
				GCC_WARN_UNINITIALIZED_AUTOS = YES_AGGRESSIVE;
				GCC_WARN_UNUSED_FUNCTION = YES;
				GCC_WARN_UNUSED_VARIABLE = YES;
				MTL_ENABLE_DEBUG_INFO = NO;
				MTL_FAST_MATH = YES;
				SWIFT_COMPILATION_MODE = wholemodule;
				SWIFT_OPTIMIZATION_LEVEL = "-O";
			};
			name = Release;
		};
		167C77362718A44600DC6923 /* Debug */ = {
			isa = XCBuildConfiguration;
			buildSettings = {
				ASSETCATALOG_COMPILER_COMPLICATION_NAME = Complication;
				CODE_SIGN_STYLE = Automatic;
				CURRENT_PROJECT_VERSION = 1;
				DEVELOPMENT_ASSET_PATHS = "\"ETKit WatchKit Extension/Preview Content\"";
				DEVELOPMENT_TEAM = KZZCZ8NHJK;
				ENABLE_PREVIEWS = YES;
				GENERATE_INFOPLIST_FILE = YES;
				INFOPLIST_FILE = "ETKit WatchKit Extension/Info.plist";
				INFOPLIST_KEY_CFBundleDisplayName = "ETKit WatchKit Extension";
				INFOPLIST_KEY_CLKComplicationPrincipalClass = ComplicationController;
				INFOPLIST_KEY_NSHumanReadableCopyright = "";
				INFOPLIST_KEY_WKRunsIndependentlyOfCompanionApp = YES;
				LD_RUNPATH_SEARCH_PATHS = (
					"$(inherited)",
					"@executable_path/Frameworks",
					"@executable_path/../../Frameworks",
				);
				MARKETING_VERSION = 1.0;
				PRODUCT_BUNDLE_IDENTIFIER = Xac.ETKit.watchkitapp.watchkitextension;
				PRODUCT_NAME = "${TARGET_NAME}";
				SDKROOT = watchos;
				SKIP_INSTALL = YES;
				SWIFT_EMIT_LOC_STRINGS = YES;
				SWIFT_VERSION = 5.0;
				TARGETED_DEVICE_FAMILY = 4;
				WATCHOS_DEPLOYMENT_TARGET = 8.0;
			};
			name = Debug;
		};
		167C77372718A44600DC6923 /* Release */ = {
			isa = XCBuildConfiguration;
			buildSettings = {
				ASSETCATALOG_COMPILER_COMPLICATION_NAME = Complication;
				CODE_SIGN_STYLE = Automatic;
				CURRENT_PROJECT_VERSION = 1;
				DEVELOPMENT_ASSET_PATHS = "\"ETKit WatchKit Extension/Preview Content\"";
				DEVELOPMENT_TEAM = KZZCZ8NHJK;
				ENABLE_PREVIEWS = YES;
				GENERATE_INFOPLIST_FILE = YES;
				INFOPLIST_FILE = "ETKit WatchKit Extension/Info.plist";
				INFOPLIST_KEY_CFBundleDisplayName = "ETKit WatchKit Extension";
				INFOPLIST_KEY_CLKComplicationPrincipalClass = ComplicationController;
				INFOPLIST_KEY_NSHumanReadableCopyright = "";
				INFOPLIST_KEY_WKRunsIndependentlyOfCompanionApp = YES;
				LD_RUNPATH_SEARCH_PATHS = (
					"$(inherited)",
					"@executable_path/Frameworks",
					"@executable_path/../../Frameworks",
				);
				MARKETING_VERSION = 1.0;
				PRODUCT_BUNDLE_IDENTIFIER = Xac.ETKit.watchkitapp.watchkitextension;
				PRODUCT_NAME = "${TARGET_NAME}";
				SDKROOT = watchos;
				SKIP_INSTALL = YES;
				SWIFT_EMIT_LOC_STRINGS = YES;
				SWIFT_VERSION = 5.0;
				TARGETED_DEVICE_FAMILY = 4;
				VALIDATE_PRODUCT = YES;
				WATCHOS_DEPLOYMENT_TARGET = 8.0;
			};
			name = Release;
		};
		167C773A2718A44600DC6923 /* Debug */ = {
			isa = XCBuildConfiguration;
			buildSettings = {
				ALWAYS_EMBED_SWIFT_STANDARD_LIBRARIES = YES;
				ASSETCATALOG_COMPILER_APPICON_NAME = AppIcon;
				ASSETCATALOG_COMPILER_GLOBAL_ACCENT_COLOR_NAME = AccentColor;
				CODE_SIGN_STYLE = Automatic;
				CURRENT_PROJECT_VERSION = 1;
				DEVELOPMENT_TEAM = KZZCZ8NHJK;
				GENERATE_INFOPLIST_FILE = YES;
				IBSC_MODULE = ETKit_WatchKit_Extension;
				INFOPLIST_KEY_CFBundleDisplayName = "ETKit WatchKit App";
				INFOPLIST_KEY_UISupportedInterfaceOrientations = "UIInterfaceOrientationPortrait UIInterfaceOrientationPortraitUpsideDown";
				INFOPLIST_KEY_WKCompanionAppBundleIdentifier = Xac.ETKit;
				MARKETING_VERSION = 1.0;
				PRODUCT_BUNDLE_IDENTIFIER = Xac.ETKit.watchkitapp;
				PRODUCT_NAME = "$(TARGET_NAME)";
				SDKROOT = watchos;
				SKIP_INSTALL = YES;
				SWIFT_EMIT_LOC_STRINGS = YES;
				SWIFT_VERSION = 5.0;
				TARGETED_DEVICE_FAMILY = 4;
				WATCHOS_DEPLOYMENT_TARGET = 8.0;
			};
			name = Debug;
		};
		167C773B2718A44600DC6923 /* Release */ = {
			isa = XCBuildConfiguration;
			buildSettings = {
				ALWAYS_EMBED_SWIFT_STANDARD_LIBRARIES = YES;
				ASSETCATALOG_COMPILER_APPICON_NAME = AppIcon;
				ASSETCATALOG_COMPILER_GLOBAL_ACCENT_COLOR_NAME = AccentColor;
				CODE_SIGN_STYLE = Automatic;
				CURRENT_PROJECT_VERSION = 1;
				DEVELOPMENT_TEAM = KZZCZ8NHJK;
				GENERATE_INFOPLIST_FILE = YES;
				IBSC_MODULE = ETKit_WatchKit_Extension;
				INFOPLIST_KEY_CFBundleDisplayName = "ETKit WatchKit App";
				INFOPLIST_KEY_UISupportedInterfaceOrientations = "UIInterfaceOrientationPortrait UIInterfaceOrientationPortraitUpsideDown";
				INFOPLIST_KEY_WKCompanionAppBundleIdentifier = Xac.ETKit;
				MARKETING_VERSION = 1.0;
				PRODUCT_BUNDLE_IDENTIFIER = Xac.ETKit.watchkitapp;
				PRODUCT_NAME = "$(TARGET_NAME)";
				SDKROOT = watchos;
				SKIP_INSTALL = YES;
				SWIFT_EMIT_LOC_STRINGS = YES;
				SWIFT_VERSION = 5.0;
				TARGETED_DEVICE_FAMILY = 4;
				VALIDATE_PRODUCT = YES;
				WATCHOS_DEPLOYMENT_TARGET = 8.0;
			};
			name = Release;
		};
		167C773E2718A44600DC6923 /* Debug */ = {
			isa = XCBuildConfiguration;
			buildSettings = {
				ASSETCATALOG_COMPILER_APPICON_NAME = AppIcon;
				ASSETCATALOG_COMPILER_GLOBAL_ACCENT_COLOR_NAME = AccentColor;
				CODE_SIGN_STYLE = Automatic;
				CURRENT_PROJECT_VERSION = 1;
				DEVELOPMENT_ASSET_PATHS = "\"ETKit/Preview Content\"";
				DEVELOPMENT_TEAM = KZZCZ8NHJK;
				ENABLE_PREVIEWS = YES;
				GENERATE_INFOPLIST_FILE = YES;
				INFOPLIST_KEY_UIApplicationSceneManifest_Generation = YES;
				INFOPLIST_KEY_UIApplicationSupportsIndirectInputEvents = YES;
				INFOPLIST_KEY_UILaunchScreen_Generation = YES;
				INFOPLIST_KEY_UISupportedInterfaceOrientations_iPad = "UIInterfaceOrientationPortrait UIInterfaceOrientationPortraitUpsideDown UIInterfaceOrientationLandscapeLeft UIInterfaceOrientationLandscapeRight";
				INFOPLIST_KEY_UISupportedInterfaceOrientations_iPhone = "UIInterfaceOrientationPortrait UIInterfaceOrientationLandscapeLeft UIInterfaceOrientationLandscapeRight";
				IPHONEOS_DEPLOYMENT_TARGET = 15.0;
				LD_RUNPATH_SEARCH_PATHS = (
					"$(inherited)",
					"@executable_path/Frameworks",
				);
				MARKETING_VERSION = 1.0;
				PRODUCT_BUNDLE_IDENTIFIER = Xac.ETKit;
				PRODUCT_NAME = "$(TARGET_NAME)";
				SDKROOT = iphoneos;
				SWIFT_EMIT_LOC_STRINGS = YES;
				SWIFT_VERSION = 5.0;
				TARGETED_DEVICE_FAMILY = "1,2";
			};
			name = Debug;
		};
		167C773F2718A44600DC6923 /* Release */ = {
			isa = XCBuildConfiguration;
			buildSettings = {
				ASSETCATALOG_COMPILER_APPICON_NAME = AppIcon;
				ASSETCATALOG_COMPILER_GLOBAL_ACCENT_COLOR_NAME = AccentColor;
				CODE_SIGN_STYLE = Automatic;
				CURRENT_PROJECT_VERSION = 1;
				DEVELOPMENT_ASSET_PATHS = "\"ETKit/Preview Content\"";
				DEVELOPMENT_TEAM = KZZCZ8NHJK;
				ENABLE_PREVIEWS = YES;
				GENERATE_INFOPLIST_FILE = YES;
				INFOPLIST_KEY_UIApplicationSceneManifest_Generation = YES;
				INFOPLIST_KEY_UIApplicationSupportsIndirectInputEvents = YES;
				INFOPLIST_KEY_UILaunchScreen_Generation = YES;
				INFOPLIST_KEY_UISupportedInterfaceOrientations_iPad = "UIInterfaceOrientationPortrait UIInterfaceOrientationPortraitUpsideDown UIInterfaceOrientationLandscapeLeft UIInterfaceOrientationLandscapeRight";
				INFOPLIST_KEY_UISupportedInterfaceOrientations_iPhone = "UIInterfaceOrientationPortrait UIInterfaceOrientationLandscapeLeft UIInterfaceOrientationLandscapeRight";
				IPHONEOS_DEPLOYMENT_TARGET = 15.0;
				LD_RUNPATH_SEARCH_PATHS = (
					"$(inherited)",
					"@executable_path/Frameworks",
				);
				MARKETING_VERSION = 1.0;
				PRODUCT_BUNDLE_IDENTIFIER = Xac.ETKit;
				PRODUCT_NAME = "$(TARGET_NAME)";
				SDKROOT = iphoneos;
				SWIFT_EMIT_LOC_STRINGS = YES;
				SWIFT_VERSION = 5.0;
				TARGETED_DEVICE_FAMILY = "1,2";
				VALIDATE_PRODUCT = YES;
			};
			name = Release;
		};
/* End XCBuildConfiguration section */

/* Begin XCConfigurationList section */
		167C76FF2718A43500DC6923 /* Build configuration list for PBXProject "ETKit" */ = {
			isa = XCConfigurationList;
			buildConfigurations = (
				167C77332718A44500DC6923 /* Debug */,
				167C77342718A44500DC6923 /* Release */,
			);
			defaultConfigurationIsVisible = 0;
			defaultConfigurationName = Release;
		};
		167C77352718A44600DC6923 /* Build configuration list for PBXNativeTarget "ETKit WatchKit Extension" */ = {
			isa = XCConfigurationList;
			buildConfigurations = (
				167C77362718A44600DC6923 /* Debug */,
				167C77372718A44600DC6923 /* Release */,
			);
			defaultConfigurationIsVisible = 0;
			defaultConfigurationName = Release;
		};
		167C77392718A44600DC6923 /* Build configuration list for PBXNativeTarget "ETKit WatchKit App" */ = {
			isa = XCConfigurationList;
			buildConfigurations = (
				167C773A2718A44600DC6923 /* Debug */,
				167C773B2718A44600DC6923 /* Release */,
			);
			defaultConfigurationIsVisible = 0;
			defaultConfigurationName = Release;
		};
		167C773D2718A44600DC6923 /* Build configuration list for PBXNativeTarget "ETKit" */ = {
			isa = XCConfigurationList;
			buildConfigurations = (
				167C773E2718A44600DC6923 /* Debug */,
				167C773F2718A44600DC6923 /* Release */,
			);
			defaultConfigurationIsVisible = 0;
			defaultConfigurationName = Release;
		};
/* End XCConfigurationList section */
	};
	rootObject = 167C76FC2718A43500DC6923 /* Project object */;
}
